
Microsoft Visual Studio Solution File, Format Version 12.00
# Visual Studio Version 17
VisualStudioVersion = 17.1.32228.430
MinimumVisualStudioVersion = 10.0.40219.1
Project("{FAE04EC0-301F-11D3-BF4B-00C04F79EFBC}") = "LCPServerNonBlocking", "LCPServerNonBlocking\LCPServerNonBlocking.csproj", "{AF1084EE-4A8C-437C-8B4A-15D72353E0B8}"
EndProject
Global
	GlobalSection(SolutionConfigurationPlatforms) = preSolution
		Debug|Any CPU = Debug|Any CPU
		Release|Any CPU = Release|Any CPU
	EndGlobalSection
	GlobalSection(ProjectConfigurationPlatforms) = postSolution
		{AF1084EE-4A8C-437C-8B4A-15D72353E0B8}.Debug|Any CPU.ActiveCfg = Debug|Any CPU
		{AF1084EE-4A8C-437C-8B4A-15D72353E0B8}.Debug|Any CPU.Build.0 = Debug|Any CPU
		{AF1084EE-4A8C-437C-8B4A-15D72353E0B8}.Release|Any CPU.ActiveCfg = Release|Any CPU
		{AF1084EE-4A8C-437C-8B4A-15D72353E0B8}.Release|Any CPU.Build.0 = Release|Any CPU
	EndGlobalSection
	GlobalSection(SolutionProperties) = preSolution
		HideSolutionNode = FALSE
	EndGlobalSection
	GlobalSection(ExtensibilityGlobals) = postSolution
		SolutionGuid = {F3008BD4-1BBE-48DB-B047-B7B0190A6F48}
	EndGlobalSection
EndGlobal
