
Microsoft Visual Studio Solution File, Format Version 12.00
# Visual Studio Version 17
VisualStudioVersion = 17.1.32228.430
MinimumVisualStudioVersion = 10.0.40219.1
Project("{FAE04EC0-301F-11D3-BF4B-00C04F79EFBC}") = "LCPServerBlocking", "LCPServerBlocking\LCPServerBlocking.csproj", "{F6243DAC-FD67-4D4A-BE1E-0250A8300DA8}"
EndProject
Global
	GlobalSection(SolutionConfigurationPlatforms) = preSolution
		Debug|Any CPU = Debug|Any CPU
		Release|Any CPU = Release|Any CPU
	EndGlobalSection
	GlobalSection(ProjectConfigurationPlatforms) = postSolution
		{F6243DAC-FD67-4D4A-BE1E-0250A8300DA8}.Debug|Any CPU.ActiveCfg = Debug|Any CPU
		{F6243DAC-FD67-4D4A-BE1E-0250A8300DA8}.Debug|Any CPU.Build.0 = Debug|Any CPU
		{F6243DAC-FD67-4D4A-BE1E-0250A8300DA8}.Release|Any CPU.ActiveCfg = Release|Any CPU
		{F6243DAC-FD67-4D4A-BE1E-0250A8300DA8}.Release|Any CPU.Build.0 = Release|Any CPU
	EndGlobalSection
	GlobalSection(SolutionProperties) = preSolution
		HideSolutionNode = FALSE
	EndGlobalSection
	GlobalSection(ExtensibilityGlobals) = postSolution
		SolutionGuid = {2771F6A3-7EEC-4099-9B7C-BD6038134540}
	EndGlobalSection
EndGlobal
