
Microsoft Visual Studio Solution File, Format Version 12.00
# Visual Studio Version 17
VisualStudioVersion = 17.1.32228.430
MinimumVisualStudioVersion = 10.0.40219.1
Project("{FAE04EC0-301F-11D3-BF4B-00C04F79EFBC}") = "LCP_Client", "LCP_Client\LCP_Client.csproj", "{6039AB9F-7DCD-4512-973B-455285F25E67}"
EndProject
Global
	GlobalSection(SolutionConfigurationPlatforms) = preSolution
		Debug|Any CPU = Debug|Any CPU
		Release|Any CPU = Release|Any CPU
	EndGlobalSection
	GlobalSection(ProjectConfigurationPlatforms) = postSolution
		{6039AB9F-7DCD-4512-973B-455285F25E67}.Debug|Any CPU.ActiveCfg = Debug|Any CPU
		{6039AB9F-7DCD-4512-973B-455285F25E67}.Debug|Any CPU.Build.0 = Debug|Any CPU
		{6039AB9F-7DCD-4512-973B-455285F25E67}.Release|Any CPU.ActiveCfg = Release|Any CPU
		{6039AB9F-7DCD-4512-973B-455285F25E67}.Release|Any CPU.Build.0 = Release|Any CPU
	EndGlobalSection
	GlobalSection(SolutionProperties) = preSolution
		HideSolutionNode = FALSE
	EndGlobalSection
	GlobalSection(ExtensibilityGlobals) = postSolution
		SolutionGuid = {DBCDBC7E-DF27-4830-8FE7-4644D3360045}
	EndGlobalSection
EndGlobal
